
Microsoft Visual Studio Solution File, Format Version 12.00
# Visual Studio Version 17
VisualStudioVersion = 17.2.32526.322
MinimumVisualStudioVersion = 10.0.40219.1
Project("{FAE04EC0-301F-11D3-BF4B-00C04F79EFBC}") = "TestBank", "TestBank\TestBank.csproj", "{1A52E61D-8500-45EF-8B14-77D7C82DC5C4}"
EndProject
Global
	GlobalSection(SolutionConfigurationPlatforms) = preSolution
		Debug|Any CPU = Debug|Any CPU
		Release|Any CPU = Release|Any CPU
	EndGlobalSection
	GlobalSection(ProjectConfigurationPlatforms) = postSolution
		{1A52E61D-8500-45EF-8B14-77D7C82DC5C4}.Debug|Any CPU.ActiveCfg = Debug|Any CPU
		{1A52E61D-8500-45EF-8B14-77D7C82DC5C4}.Debug|Any CPU.Build.0 = Debug|Any CPU
		{1A52E61D-8500-45EF-8B14-77D7C82DC5C4}.Release|Any CPU.ActiveCfg = Release|Any CPU
		{1A52E61D-8500-45EF-8B14-77D7C82DC5C4}.Release|Any CPU.Build.0 = Release|Any CPU
	EndGlobalSection
	GlobalSection(SolutionProperties) = preSolution
		HideSolutionNode = FALSE
	EndGlobalSection
	GlobalSection(ExtensibilityGlobals) = postSolution
		SolutionGuid = {1E07D3F6-20D4-46CF-BA00-B2831A761BBC}
	EndGlobalSection
EndGlobal
